
Microsoft Visual Studio Solution File, Format Version 12.00
# Visual Studio Version 16
VisualStudioVersion = 16.0.30225.117
MinimumVisualStudioVersion = 10.0.40219.1
Project("{9A19103F-16F7-4668-BE54-9A1E7A4F7556}") = "Demoapplication", "Demoapplication.csproj", "{7281329A-D618-4AF5-8CFA-9BDA08F163B6}"
EndProject
Project("{FAE04EC0-301F-11D3-BF4B-00C04F79EFBC}") = "Demoapplication.test", "..\Demoapplication.test\Demoapplication.test.csproj", "{19189F56-B0B3-427B-8C51-7AD67A84BDCA}"
EndProject
Global
	GlobalSection(SolutionConfigurationPlatforms) = preSolution
		Debug|Any CPU = Debug|Any CPU
		Release|Any CPU = Release|Any CPU
	EndGlobalSection
	GlobalSection(ProjectConfigurationPlatforms) = postSolution
		{7281329A-D618-4AF5-8CFA-9BDA08F163B6}.Debug|Any CPU.ActiveCfg = Debug|Any CPU
		{7281329A-D618-4AF5-8CFA-9BDA08F163B6}.Debug|Any CPU.Build.0 = Debug|Any CPU
		{7281329A-D618-4AF5-8CFA-9BDA08F163B6}.Release|Any CPU.ActiveCfg = Release|Any CPU
		{7281329A-D618-4AF5-8CFA-9BDA08F163B6}.Release|Any CPU.Build.0 = Release|Any CPU
		{19189F56-B0B3-427B-8C51-7AD67A84BDCA}.Debug|Any CPU.ActiveCfg = Debug|Any CPU
		{19189F56-B0B3-427B-8C51-7AD67A84BDCA}.Debug|Any CPU.Build.0 = Debug|Any CPU
		{19189F56-B0B3-427B-8C51-7AD67A84BDCA}.Release|Any CPU.ActiveCfg = Release|Any CPU
		{19189F56-B0B3-427B-8C51-7AD67A84BDCA}.Release|Any CPU.Build.0 = Release|Any CPU
	EndGlobalSection
	GlobalSection(SolutionProperties) = preSolution
		HideSolutionNode = FALSE
	EndGlobalSection
	GlobalSection(ExtensibilityGlobals) = postSolution
		SolutionGuid = {BC2633AA-7BEB-4F12-978B-D379C90C886A}
	EndGlobalSection
EndGlobal
